
Microsoft Visual Studio Solution File, Format Version 12.00
# Visual Studio 15
VisualStudioVersion = 15.0.27428.2015
MinimumVisualStudioVersion = 10.0.40219.1
Project("{FAE04EC0-301F-11D3-BF4B-00C04F79EFBC}") = "TestApp", "TestApp\TestApp.csproj", "{B1D13568-5196-4B04-A874-BAA966CC5B1B}"
EndProject
Global
	GlobalSection(SolutionConfigurationPlatforms) = preSolution
		Debug|Any CPU = Debug|Any CPU
		Release|Any CPU = Release|Any CPU
	EndGlobalSection
	GlobalSection(ProjectConfigurationPlatforms) = postSolution
		{B1D13568-5196-4B04-A874-BAA966CC5B1B}.Debug|Any CPU.ActiveCfg = Debug|Any CPU
		{B1D13568-5196-4B04-A874-BAA966CC5B1B}.Debug|Any CPU.Build.0 = Debug|Any CPU
		{B1D13568-5196-4B04-A874-BAA966CC5B1B}.Release|Any CPU.ActiveCfg = Release|Any CPU
		{B1D13568-5196-4B04-A874-BAA966CC5B1B}.Release|Any CPU.Build.0 = Release|Any CPU
	EndGlobalSection
	GlobalSection(SolutionProperties) = preSolution
		HideSolutionNode = FALSE
	EndGlobalSection
	GlobalSection(ExtensibilityGlobals) = postSolution
		SolutionGuid = {C85FFC14-A591-4F8A-838E-2A4CB1EEA452}
	EndGlobalSection
EndGlobal
